// !$*UTF8*$!
{
	archiveVersion = 1;
	classes = {
	};
	objectVersion = 56;
	objects = {

/* Begin PBXBuildFile section */
		7D969F3C2B08D6CE006AB59C /* AppDelegate.swift in Sources */ = {isa = PBXBuildFile; fileRef = 7D969F3B2B08D6CE006AB59C /* AppDelegate.swift */; };
		7D969F3E2B08D6CE006AB59C /* SceneDelegate.swift in Sources */ = {isa = PBXBuildFile; fileRef = 7D969F3D2B08D6CE006AB59C /* SceneDelegate.swift */; };
		7D969F402B08D6CE006AB59C /* ViewController.swift in Sources */ = {isa = PBXBuildFile; fileRef = 7D969F3F2B08D6CE006AB59C /* ViewController.swift */; };
		7D969F432B08D6CE006AB59C /* Main.storyboard in Resources */ = {isa = PBXBuildFile; fileRef = 7D969F412B08D6CE006AB59C /* Main.storyboard */; };
		7D969F452B08D6CF006AB59C /* Assets.xcassets in Resources */ = {isa = PBXBuildFile; fileRef = 7D969F442B08D6CF006AB59C /* Assets.xcassets */; };
		7D969F482B08D6CF006AB59C /* LaunchScreen.storyboard in Resources */ = {isa = PBXBuildFile; fileRef = 7D969F462B08D6CF006AB59C /* LaunchScreen.storyboard */; };
		7D969F532B08D6CF006AB59C /* toiletTests.swift in Sources */ = {isa = PBXBuildFile; fileRef = 7D969F522B08D6CF006AB59C /* toiletTests.swift */; };
		7D969F5D2B08D6CF006AB59C /* toiletUITests.swift in Sources */ = {isa = PBXBuildFile; fileRef = 7D969F5C2B08D6CF006AB59C /* toiletUITests.swift */; };
		7D969F5F2B08D6CF006AB59C /* toiletUITestsLaunchTests.swift in Sources */ = {isa = PBXBuildFile; fileRef = 7D969F5E2B08D6CF006AB59C /* toiletUITestsLaunchTests.swift */; };
/* End PBXBuildFile section */

/* Begin PBXContainerItemProxy section */
		7D969F4F2B08D6CF006AB59C /* PBXContainerItemProxy */ = {
			isa = PBXContainerItemProxy;
			containerPortal = 7D969F302B08D6CE006AB59C /* Project object */;
			proxyType = 1;
			remoteGlobalIDString = 7D969F372B08D6CE006AB59C;
			remoteInfo = toilet;
		};
		7D969F592B08D6CF006AB59C /* PBXContainerItemProxy */ = {
			isa = PBXContainerItemProxy;
			containerPortal = 7D969F302B08D6CE006AB59C /* Project object */;
			proxyType = 1;
			remoteGlobalIDString = 7D969F372B08D6CE006AB59C;
			remoteInfo = toilet;
		};
/* End PBXContainerItemProxy section */

/* Begin PBXFileReference section */
		7D969F382B08D6CE006AB59C /* toilet.app */ = {isa = PBXFileReference; explicitFileType = wrapper.application; includeInIndex = 0; path = toilet.app; sourceTree = BUILT_PRODUCTS_DIR; };
		7D969F3B2B08D6CE006AB59C /* AppDelegate.swift */ = {isa = PBXFileReference; lastKnownFileType = sourcecode.swift; path = AppDelegate.swift; sourceTree = "<group>"; };
		7D969F3D2B08D6CE006AB59C /* SceneDelegate.swift */ = {isa = PBXFileReference; lastKnownFileType = sourcecode.swift; path = SceneDelegate.swift; sourceTree = "<group>"; };
		7D969F3F2B08D6CE006AB59C /* ViewController.swift */ = {isa = PBXFileReference; lastKnownFileType = sourcecode.swift; path = ViewController.swift; sourceTree = "<group>"; };
		7D969F422B08D6CE006AB59C /* Base */ = {isa = PBXFileReference; lastKnownFileType = file.storyboard; name = Base; path = Base.lproj/Main.storyboard; sourceTree = "<group>"; };
		7D969F442B08D6CF006AB59C /* Assets.xcassets */ = {isa = PBXFileReference; lastKnownFileType = folder.assetcatalog; path = Assets.xcassets; sourceTree = "<group>"; };
		7D969F472B08D6CF006AB59C /* Base */ = {isa = PBXFileReference; lastKnownFileType = file.storyboard; name = Base; path = Base.lproj/LaunchScreen.storyboard; sourceTree = "<group>"; };
		7D969F492B08D6CF006AB59C /* Info.plist */ = {isa = PBXFileReference; lastKnownFileType = text.plist.xml; path = Info.plist; sourceTree = "<group>"; };
		7D969F4E2B08D6CF006AB59C /* toiletTests.xctest */ = {isa = PBXFileReference; explicitFileType = wrapper.cfbundle; includeInIndex = 0; path = toiletTests.xctest; sourceTree = BUILT_PRODUCTS_DIR; };
		7D969F522B08D6CF006AB59C /* toiletTests.swift */ = {isa = PBXFileReference; lastKnownFileType = sourcecode.swift; path = toiletTests.swift; sourceTree = "<group>"; };
		7D969F582B08D6CF006AB59C /* toiletUITests.xctest */ = {isa = PBXFileReference; explicitFileType = wrapper.cfbundle; includeInIndex = 0; path = toiletUITests.xctest; sourceTree = BUILT_PRODUCTS_DIR; };
		7D969F5C2B08D6CF006AB59C /* toiletUITests.swift */ = {isa = PBXFileReference; lastKnownFileType = sourcecode.swift; path = toiletUITests.swift; sourceTree = "<group>"; };
		7D969F5E2B08D6CF006AB59C /* toiletUITestsLaunchTests.swift */ = {isa = PBXFileReference; lastKnownFileType = sourcecode.swift; path = toiletUITestsLaunchTests.swift; sourceTree = "<group>"; };
/* End PBXFileReference section */

/* Begin PBXFrameworksBuildPhase section */
		7D969F352B08D6CE006AB59C /* Frameworks */ = {
			isa = PBXFrameworksBuildPhase;
			buildActionMask = 2147483647;
			files = (
			);
			runOnlyForDeploymentPostprocessing = 0;
		};
		7D969F4B2B08D6CF006AB59C /* Frameworks */ = {
			isa = PBXFrameworksBuildPhase;
			buildActionMask = 2147483647;
			files = (
			);
			runOnlyForDeploymentPostprocessing = 0;
		};
		7D969F552B08D6CF006AB59C /* Frameworks */ = {
			isa = PBXFrameworksBuildPhase;
			buildActionMask = 2147483647;
			files = (
			);
			runOnlyForDeploymentPostprocessing = 0;
		};
/* End PBXFrameworksBuildPhase section */

/* Begin PBXGroup section */
		7D969F2F2B08D6CE006AB59C = {
			isa = PBXGroup;
			children = (
				7D969F3A2B08D6CE006AB59C /* toilet */,
				7D969F512B08D6CF006AB59C /* toiletTests */,
				7D969F5B2B08D6CF006AB59C /* toiletUITests */,
				7D969F392B08D6CE006AB59C /* Products */,
			);
			sourceTree = "<group>";
		};
		7D969F392B08D6CE006AB59C /* Products */ = {
			isa = PBXGroup;
			children = (
				7D969F382B08D6CE006AB59C /* toilet.app */,
				7D969F4E2B08D6CF006AB59C /* toiletTests.xctest */,
				7D969F582B08D6CF006AB59C /* toiletUITests.xctest */,
			);
			name = Products;
			sourceTree = "<group>";
		};
		7D969F3A2B08D6CE006AB59C /* toilet */ = {
			isa = PBXGroup;
			children = (
				7D969F3B2B08D6CE006AB59C /* AppDelegate.swift */,
				7D969F3D2B08D6CE006AB59C /* SceneDelegate.swift */,
				7D969F3F2B08D6CE006AB59C /* ViewController.swift */,
				7D969F412B08D6CE006AB59C /* Main.storyboard */,
				7D969F442B08D6CF006AB59C /* Assets.xcassets */,
				7D969F462B08D6CF006AB59C /* LaunchScreen.storyboard */,
				7D969F492B08D6CF006AB59C /* Info.plist */,
			);
			path = toilet;
			sourceTree = "<group>";
		};
		7D969F512B08D6CF006AB59C /* toiletTests */ = {
			isa = PBXGroup;
			children = (
				7D969F522B08D6CF006AB59C /* toiletTests.swift */,
			);
			path = toiletTests;
			sourceTree = "<group>";
		};
		7D969F5B2B08D6CF006AB59C /* toiletUITests */ = {
			isa = PBXGroup;
			children = (
				7D969F5C2B08D6CF006AB59C /* toiletUITests.swift */,
				7D969F5E2B08D6CF006AB59C /* toiletUITestsLaunchTests.swift */,
			);
			path = toiletUITests;
			sourceTree = "<group>";
		};
/* End PBXGroup section */

/* Begin PBXNativeTarget section */
		7D969F372B08D6CE006AB59C /* toilet */ = {
			isa = PBXNativeTarget;
			buildConfigurationList = 7D969F622B08D6CF006AB59C /* Build configuration list for PBXNativeTarget "toilet" */;
			buildPhases = (
				7D969F342B08D6CE006AB59C /* Sources */,
				7D969F352B08D6CE006AB59C /* Frameworks */,
				7D969F362B08D6CE006AB59C /* Resources */,
			);
			buildRules = (
			);
			dependencies = (
			);
			name = toilet;
			productName = toilet;
			productReference = 7D969F382B08D6CE006AB59C /* toilet.app */;
			productType = "com.apple.product-type.application";
		};
		7D969F4D2B08D6CF006AB59C /* toiletTests */ = {
			isa = PBXNativeTarget;
			buildConfigurationList = 7D969F652B08D6CF006AB59C /* Build configuration list for PBXNativeTarget "toiletTests" */;
			buildPhases = (
				7D969F4A2B08D6CF006AB59C /* Sources */,
				7D969F4B2B08D6CF006AB59C /* Frameworks */,
				7D969F4C2B08D6CF006AB59C /* Resources */,
			);
			buildRules = (
			);
			dependencies = (
				7D969F502B08D6CF006AB59C /* PBXTargetDependency */,
			);
			name = toiletTests;
			productName = toiletTests;
			productReference = 7D969F4E2B08D6CF006AB59C /* toiletTests.xctest */;
			productType = "com.apple.product-type.bundle.unit-test";
		};
		7D969F572B08D6CF006AB59C /* toiletUITests */ = {
			isa = PBXNativeTarget;
			buildConfigurationList = 7D969F682B08D6CF006AB59C /* Build configuration list for PBXNativeTarget "toiletUITests" */;
			buildPhases = (
				7D969F542B08D6CF006AB59C /* Sources */,
				7D969F552B08D6CF006AB59C /* Frameworks */,
				7D969F562B08D6CF006AB59C /* Resources */,
			);
			buildRules = (
			);
			dependencies = (
				7D969F5A2B08D6CF006AB59C /* PBXTargetDependency */,
			);
			name = toiletUITests;
			productName = toiletUITests;
			productReference = 7D969F582B08D6CF006AB59C /* toiletUITests.xctest */;
			productType = "com.apple.product-type.bundle.ui-testing";
		};
/* End PBXNativeTarget section */

/* Begin PBXProject section */
		7D969F302B08D6CE006AB59C /* Project object */ = {
			isa = PBXProject;
			attributes = {
				BuildIndependentTargetsInParallel = 1;
				LastSwiftUpdateCheck = 1500;
				LastUpgradeCheck = 1500;
				TargetAttributes = {
					7D969F372B08D6CE006AB59C = {
						CreatedOnToolsVersion = 15.0.1;
					};
					7D969F4D2B08D6CF006AB59C = {
						CreatedOnToolsVersion = 15.0.1;
						TestTargetID = 7D969F372B08D6CE006AB59C;
					};
					7D969F572B08D6CF006AB59C = {
						CreatedOnToolsVersion = 15.0.1;
						TestTargetID = 7D969F372B08D6CE006AB59C;
					};
				};
			};
			buildConfigurationList = 7D969F332B08D6CE006AB59C /* Build configuration list for PBXProject "toilet" */;
			compatibilityVersion = "Xcode 14.0";
			developmentRegion = en;
			hasScannedForEncodings = 0;
			knownRegions = (
				en,
				Base,
			);
			mainGroup = 7D969F2F2B08D6CE006AB59C;
			productRefGroup = 7D969F392B08D6CE006AB59C /* Products */;
			projectDirPath = "";
			projectRoot = "";
			targets = (
				7D969F372B08D6CE006AB59C /* toilet */,
				7D969F4D2B08D6CF006AB59C /* toiletTests */,
				7D969F572B08D6CF006AB59C /* toiletUITests */,
			);
		};
/* End PBXProject section */

/* Begin PBXResourcesBuildPhase section */
		7D969F362B08D6CE006AB59C /* Resources */ = {
			isa = PBXResourcesBuildPhase;
			buildActionMask = 2147483647;
			files = (
				7D969F482B08D6CF006AB59C /* LaunchScreen.storyboard in Resources */,
				7D969F452B08D6CF006AB59C /* Assets.xcassets in Resources */,
				7D969F432B08D6CE006AB59C /* Main.storyboard in Resources */,
			);
			runOnlyForDeploymentPostprocessing = 0;
		};
		7D969F4C2B08D6CF006AB59C /* Resources */ = {
			isa = PBXResourcesBuildPhase;
			buildActionMask = 2147483647;
			files = (
			);
			runOnlyForDeploymentPostprocessing = 0;
		};
		7D969F562B08D6CF006AB59C /* Resources */ = {
			isa = PBXResourcesBuildPhase;
			buildActionMask = 2147483647;
			files = (
			);
			runOnlyForDeploymentPostprocessing = 0;
		};
/* End PBXResourcesBuildPhase section */

/* Begin PBXSourcesBuildPhase section */
		7D969F342B08D6CE006AB59C /* Sources */ = {
			isa = PBXSourcesBuildPhase;
			buildActionMask = 2147483647;
			files = (
				7D969F402B08D6CE006AB59C /* ViewController.swift in Sources */,
				7D969F3C2B08D6CE006AB59C /* AppDelegate.swift in Sources */,
				7D969F3E2B08D6CE006AB59C /* SceneDelegate.swift in Sources */,
			);
			runOnlyForDeploymentPostprocessing = 0;
		};
		7D969F4A2B08D6CF006AB59C /* Sources */ = {
			isa = PBXSourcesBuildPhase;
			buildActionMask = 2147483647;
			files = (
				7D969F532B08D6CF006AB59C /* toiletTests.swift in Sources */,
			);
			runOnlyForDeploymentPostprocessing = 0;
		};
		7D969F542B08D6CF006AB59C /* Sources */ = {
			isa = PBXSourcesBuildPhase;
			buildActionMask = 2147483647;
			files = (
				7D969F5D2B08D6CF006AB59C /* toiletUITests.swift in Sources */,
				7D969F5F2B08D6CF006AB59C /* toiletUITestsLaunchTests.swift in Sources */,
			);
			runOnlyForDeploymentPostprocessing = 0;
		};
/* End PBXSourcesBuildPhase section */

/* Begin PBXTargetDependency section */
		7D969F502B08D6CF006AB59C /* PBXTargetDependency */ = {
			isa = PBXTargetDependency;
			target = 7D969F372B08D6CE006AB59C /* toilet */;
			targetProxy = 7D969F4F2B08D6CF006AB59C /* PBXContainerItemProxy */;
		};
		7D969F5A2B08D6CF006AB59C /* PBXTargetDependency */ = {
			isa = PBXTargetDependency;
			target = 7D969F372B08D6CE006AB59C /* toilet */;
			targetProxy = 7D969F592B08D6CF006AB59C /* PBXContainerItemProxy */;
		};
/* End PBXTargetDependency section */

/* Begin PBXVariantGroup section */
		7D969F412B08D6CE006AB59C /* Main.storyboard */ = {
			isa = PBXVariantGroup;
			children = (
				7D969F422B08D6CE006AB59C /* Base */,
			);
			name = Main.storyboard;
			sourceTree = "<group>";
		};
		7D969F462B08D6CF006AB59C /* LaunchScreen.storyboard */ = {
			isa = PBXVariantGroup;
			children = (
				7D969F472B08D6CF006AB59C /* Base */,
			);
			name = LaunchScreen.storyboard;
			sourceTree = "<group>";
		};
/* End PBXVariantGroup section */

/* Begin XCBuildConfiguration section */
		7D969F602B08D6CF006AB59C /* Debug */ = {
			isa = XCBuildConfiguration;
			buildSettings = {
				ALWAYS_SEARCH_USER_PATHS = NO;
				ASSETCATALOG_COMPILER_GENERATE_SWIFT_ASSET_SYMBOL_EXTENSIONS = YES;
				CLANG_ANALYZER_NONNULL = YES;
				CLANG_ANALYZER_NUMBER_OBJECT_CONVERSION = YES_AGGRESSIVE;
				CLANG_CXX_LANGUAGE_STANDARD = "gnu++20";
				CLANG_ENABLE_MODULES = YES;
				CLANG_ENABLE_OBJC_ARC = YES;
				CLANG_ENABLE_OBJC_WEAK = YES;
				CLANG_WARN_BLOCK_CAPTURE_AUTORELEASING = YES;
				CLANG_WARN_BOOL_CONVERSION = YES;
				CLANG_WARN_COMMA = YES;
				CLANG_WARN_CONSTANT_CONVERSION = YES;
				CLANG_WARN_DEPRECATED_OBJC_IMPLEMENTATIONS = YES;
				CLANG_WARN_DIRECT_OBJC_ISA_USAGE = YES_ERROR;
				CLANG_WARN_DOCUMENTATION_COMMENTS = YES;
				CLANG_WARN_EMPTY_BODY = YES;
				CLANG_WARN_ENUM_CONVERSION = YES;
				CLANG_WARN_INFINITE_RECURSION = YES;
				CLANG_WARN_INT_CONVERSION = YES;
				CLANG_WARN_NON_LITERAL_NULL_CONVERSION = YES;
				CLANG_WARN_OBJC_IMPLICIT_RETAIN_SELF = YES;
				CLANG_WARN_OBJC_LITERAL_CONVERSION = YES;
				CLANG_WARN_OBJC_ROOT_CLASS = YES_ERROR;
				CLANG_WARN_QUOTED_INCLUDE_IN_FRAMEWORK_HEADER = YES;
				CLANG_WARN_RANGE_LOOP_ANALYSIS = YES;
				CLANG_WARN_STRICT_PROTOTYPES = YES;
				CLANG_WARN_SUSPICIOUS_MOVE = YES;
				CLANG_WARN_UNGUARDED_AVAILABILITY = YES_AGGRESSIVE;
				CLANG_WARN_UNREACHABLE_CODE = YES;
				CLANG_WARN__DUPLICATE_METHOD_MATCH = YES;
				COPY_PHASE_STRIP = NO;
				DEBUG_INFORMATION_FORMAT = dwarf;
				ENABLE_STRICT_OBJC_MSGSEND = YES;
				ENABLE_TESTABILITY = YES;
				ENABLE_USER_SCRIPT_SANDBOXING = YES;
				GCC_C_LANGUAGE_STANDARD = gnu17;
				GCC_DYNAMIC_NO_PIC = NO;
				GCC_NO_COMMON_BLOCKS = YES;
				GCC_OPTIMIZATION_LEVEL = 0;
				GCC_PREPROCESSOR_DEFINITIONS = (
					"DEBUG=1",
					"$(inherited)",
				);
				GCC_WARN_64_TO_32_BIT_CONVERSION = YES;
				GCC_WARN_ABOUT_RETURN_TYPE = YES_ERROR;
				GCC_WARN_UNDECLARED_SELECTOR = YES;
				GCC_WARN_UNINITIALIZED_AUTOS = YES_AGGRESSIVE;
				GCC_WARN_UNUSED_FUNCTION = YES;
				GCC_WARN_UNUSED_VARIABLE = YES;
				IPHONEOS_DEPLOYMENT_TARGET = 17.0;
				LOCALIZATION_PREFERS_STRING_CATALOGS = YES;
				MTL_ENABLE_DEBUG_INFO = INCLUDE_SOURCE;
				MTL_FAST_MATH = YES;
				ONLY_ACTIVE_ARCH = YES;
				SDKROOT = iphoneos;
				SWIFT_ACTIVE_COMPILATION_CONDITIONS = "DEBUG $(inherited)";
				SWIFT_OPTIMIZATION_LEVEL = "-Onone";
			};
			name = Debug;
		};
		7D969F612B08D6CF006AB59C /* Release */ = {
			isa = XCBuildConfiguration;
			buildSettings = {
				ALWAYS_SEARCH_USER_PATHS = NO;
				ASSETCATALOG_COMPILER_GENERATE_SWIFT_ASSET_SYMBOL_EXTENSIONS = YES;
				CLANG_ANALYZER_NONNULL = YES;
				CLANG_ANALYZER_NUMBER_OBJECT_CONVERSION = YES_AGGRESSIVE;
				CLANG_CXX_LANGUAGE_STANDARD = "gnu++20";
				CLANG_ENABLE_MODULES = YES;
				CLANG_ENABLE_OBJC_ARC = YES;
				CLANG_ENABLE_OBJC_WEAK = YES;
				CLANG_WARN_BLOCK_CAPTURE_AUTORELEASING = YES;
				CLANG_WARN_BOOL_CONVERSION = YES;
				CLANG_WARN_COMMA = YES;
				CLANG_WARN_CONSTANT_CONVERSION = YES;
				CLANG_WARN_DEPRECATED_OBJC_IMPLEMENTATIONS = YES;
				CLANG_WARN_DIRECT_OBJC_ISA_USAGE = YES_ERROR;
				CLANG_WARN_DOCUMENTATION_COMMENTS = YES;
				CLANG_WARN_EMPTY_BODY = YES;
				CLANG_WARN_ENUM_CONVERSION = YES;
				CLANG_WARN_INFINITE_RECURSION = YES;
				CLANG_WARN_INT_CONVERSION = YES;
				CLANG_WARN_NON_LITERAL_NULL_CONVERSION = YES;
				CLANG_WARN_OBJC_IMPLICIT_RETAIN_SELF = YES;
				CLANG_WARN_OBJC_LITERAL_CONVERSION = YES;
				CLANG_WARN_OBJC_ROOT_CLASS = YES_ERROR;
				CLANG_WARN_QUOTED_INCLUDE_IN_FRAMEWORK_HEADER = YES;
				CLANG_WARN_RANGE_LOOP_ANALYSIS = YES;
				CLANG_WARN_STRICT_PROTOTYPES = YES;
				CLANG_WARN_SUSPICIOUS_MOVE = YES;
				CLANG_WARN_UNGUARDED_AVAILABILITY = YES_AGGRESSIVE;
				CLANG_WARN_UNREACHABLE_CODE = YES;
				CLANG_WARN__DUPLICATE_METHOD_MATCH = YES;
				COPY_PHASE_STRIP = NO;
				DEBUG_INFORMATION_FORMAT = "dwarf-with-dsym";
				ENABLE_NS_ASSERTIONS = NO;
				ENABLE_STRICT_OBJC_MSGSEND = YES;
				ENABLE_USER_SCRIPT_SANDBOXING = YES;
				GCC_C_LANGUAGE_STANDARD = gnu17;
				GCC_NO_COMMON_BLOCKS = YES;
				GCC_WARN_64_TO_32_BIT_CONVERSION = YES;
				GCC_WARN_ABOUT_RETURN_TYPE = YES_ERROR;
				GCC_WARN_UNDECLARED_SELECTOR = YES;
				GCC_WARN_UNINITIALIZED_AUTOS = YES_AGGRESSIVE;
				GCC_WARN_UNUSED_FUNCTION = YES;
				GCC_WARN_UNUSED_VARIABLE = YES;
				IPHONEOS_DEPLOYMENT_TARGET = 17.0;
				LOCALIZATION_PREFERS_STRING_CATALOGS = YES;
				MTL_ENABLE_DEBUG_INFO = NO;
				MTL_FAST_MATH = YES;
				SDKROOT = iphoneos;
				SWIFT_COMPILATION_MODE = wholemodule;
				VALIDATE_PRODUCT = YES;
			};
			name = Release;
		};
		7D969F632B08D6CF006AB59C /* Debug */ = {
			isa = XCBuildConfiguration;
			buildSettings = {
				ASSETCATALOG_COMPILER_APPICON_NAME = AppIcon;
				ASSETCATALOG_COMPILER_GLOBAL_ACCENT_COLOR_NAME = AccentColor;
				CODE_SIGN_STYLE = Automatic;
				CURRENT_PROJECT_VERSION = 1;
				DEVELOPMENT_TEAM = PVCBJ579RG;
				GENERATE_INFOPLIST_FILE = YES;
				INFOPLIST_FILE = toilet/Info.plist;
				INFOPLIST_KEY_UIApplicationSupportsIndirectInputEvents = YES;
				INFOPLIST_KEY_UILaunchStoryboardName = LaunchScreen;
				INFOPLIST_KEY_UIMainStoryboardFile = Main;
				INFOPLIST_KEY_UISupportedInterfaceOrientations_iPad = "UIInterfaceOrientationPortrait UIInterfaceOrientationPortraitUpsideDown UIInterfaceOrientationLandscapeLeft UIInterfaceOrientationLandscapeRight";
				INFOPLIST_KEY_UISupportedInterfaceOrientations_iPhone = "UIInterfaceOrientationPortrait UIInterfaceOrientationLandscapeLeft UIInterfaceOrientationLandscapeRight";
				LD_RUNPATH_SEARCH_PATHS = (
					"$(inherited)",
					"@executable_path/Frameworks",
				);
				MARKETING_VERSION = 1.0;
				PRODUCT_BUNDLE_IDENTIFIER = com.GGO.toilet;
				PRODUCT_NAME = "$(TARGET_NAME)";
				SWIFT_EMIT_LOC_STRINGS = YES;
				SWIFT_VERSION = 5.0;
				TARGETED_DEVICE_FAMILY = "1,2";
			};
			name = Debug;
		};
		7D969F642B08D6CF006AB59C /* Release */ = {
			isa = XCBuildConfiguration;
			buildSettings = {
				ASSETCATALOG_COMPILER_APPICON_NAME = AppIcon;
				ASSETCATALOG_COMPILER_GLOBAL_ACCENT_COLOR_NAME = AccentColor;
				CODE_SIGN_STYLE = Automatic;
				CURRENT_PROJECT_VERSION = 1;
				DEVELOPMENT_TEAM = PVCBJ579RG;
				GENERATE_INFOPLIST_FILE = YES;
				INFOPLIST_FILE = toilet/Info.plist;
				INFOPLIST_KEY_UIApplicationSupportsIndirectInputEvents = YES;
				INFOPLIST_KEY_UILaunchStoryboardName = LaunchScreen;
				INFOPLIST_KEY_UIMainStoryboardFile = Main;
				INFOPLIST_KEY_UISupportedInterfaceOrientations_iPad = "UIInterfaceOrientationPortrait UIInterfaceOrientationPortraitUpsideDown UIInterfaceOrientationLandscapeLeft UIInterfaceOrientationLandscapeRight";
				INFOPLIST_KEY_UISupportedInterfaceOrientations_iPhone = "UIInterfaceOrientationPortrait UIInterfaceOrientationLandscapeLeft UIInterfaceOrientationLandscapeRight";
				LD_RUNPATH_SEARCH_PATHS = (
					"$(inherited)",
					"@executable_path/Frameworks",
				);
				MARKETING_VERSION = 1.0;
				PRODUCT_BUNDLE_IDENTIFIER = com.GGO.toilet;
				PRODUCT_NAME = "$(TARGET_NAME)";
				SWIFT_EMIT_LOC_STRINGS = YES;
				SWIFT_VERSION = 5.0;
				TARGETED_DEVICE_FAMILY = "1,2";
			};
			name = Release;
		};
		7D969F662B08D6CF006AB59C /* Debug */ = {
			isa = XCBuildConfiguration;
			buildSettings = {
				ALWAYS_EMBED_SWIFT_STANDARD_LIBRARIES = YES;
				BUNDLE_LOADER = "$(TEST_HOST)";
				CODE_SIGN_STYLE = Automatic;
				CURRENT_PROJECT_VERSION = 1;
				DEVELOPMENT_TEAM = PVCBJ579RG;
				GENERATE_INFOPLIST_FILE = YES;
				IPHONEOS_DEPLOYMENT_TARGET = 17.0;
				MARKETING_VERSION = 1.0;
				PRODUCT_BUNDLE_IDENTIFIER = com.GGO.toiletTests;
				PRODUCT_NAME = "$(TARGET_NAME)";
				SWIFT_EMIT_LOC_STRINGS = NO;
				SWIFT_VERSION = 5.0;
				TARGETED_DEVICE_FAMILY = "1,2";
				TEST_HOST = "$(BUILT_PRODUCTS_DIR)/toilet.app/$(BUNDLE_EXECUTABLE_FOLDER_PATH)/toilet";
			};
			name = Debug;
		};
		7D969F672B08D6CF006AB59C /* Release */ = {
			isa = XCBuildConfiguration;
			buildSettings = {
				ALWAYS_EMBED_SWIFT_STANDARD_LIBRARIES = YES;
				BUNDLE_LOADER = "$(TEST_HOST)";
				CODE_SIGN_STYLE = Automatic;
				CURRENT_PROJECT_VERSION = 1;
				DEVELOPMENT_TEAM = PVCBJ579RG;
				GENERATE_INFOPLIST_FILE = YES;
				IPHONEOS_DEPLOYMENT_TARGET = 17.0;
				MARKETING_VERSION = 1.0;
				PRODUCT_BUNDLE_IDENTIFIER = com.GGO.toiletTests;
				PRODUCT_NAME = "$(TARGET_NAME)";
				SWIFT_EMIT_LOC_STRINGS = NO;
				SWIFT_VERSION = 5.0;
				TARGETED_DEVICE_FAMILY = "1,2";
				TEST_HOST = "$(BUILT_PRODUCTS_DIR)/toilet.app/$(BUNDLE_EXECUTABLE_FOLDER_PATH)/toilet";
			};
			name = Release;
		};
		7D969F692B08D6CF006AB59C /* Debug */ = {
			isa = XCBuildConfiguration;
			buildSettings = {
				ALWAYS_EMBED_SWIFT_STANDARD_LIBRARIES = YES;
				CODE_SIGN_STYLE = Automatic;
				CURRENT_PROJECT_VERSION = 1;
				DEVELOPMENT_TEAM = PVCBJ579RG;
				GENERATE_INFOPLIST_FILE = YES;
				MARKETING_VERSION = 1.0;
				PRODUCT_BUNDLE_IDENTIFIER = com.GGO.toiletUITests;
				PRODUCT_NAME = "$(TARGET_NAME)";
				SWIFT_EMIT_LOC_STRINGS = NO;
				SWIFT_VERSION = 5.0;
				TARGETED_DEVICE_FAMILY = "1,2";
				TEST_TARGET_NAME = toilet;
			};
			name = Debug;
		};
		7D969F6A2B08D6CF006AB59C /* Release */ = {
			isa = XCBuildConfiguration;
			buildSettings = {
				ALWAYS_EMBED_SWIFT_STANDARD_LIBRARIES = YES;
				CODE_SIGN_STYLE = Automatic;
				CURRENT_PROJECT_VERSION = 1;
				DEVELOPMENT_TEAM = PVCBJ579RG;
				GENERATE_INFOPLIST_FILE = YES;
				MARKETING_VERSION = 1.0;
				PRODUCT_BUNDLE_IDENTIFIER = com.GGO.toiletUITests;
				PRODUCT_NAME = "$(TARGET_NAME)";
				SWIFT_EMIT_LOC_STRINGS = NO;
				SWIFT_VERSION = 5.0;
				TARGETED_DEVICE_FAMILY = "1,2";
				TEST_TARGET_NAME = toilet;
			};
			name = Release;
		};
/* End XCBuildConfiguration section */

/* Begin XCConfigurationList section */
		7D969F332B08D6CE006AB59C /* Build configuration list for PBXProject "toilet" */ = {
			isa = XCConfigurationList;
			buildConfigurations = (
				7D969F602B08D6CF006AB59C /* Debug */,
				7D969F612B08D6CF006AB59C /* Release */,
			);
			defaultConfigurationIsVisible = 0;
			defaultConfigurationName = Release;
		};
		7D969F622B08D6CF006AB59C /* Build configuration list for PBXNativeTarget "toilet" */ = {
			isa = XCConfigurationList;
			buildConfigurations = (
				7D969F632B08D6CF006AB59C /* Debug */,
				7D969F642B08D6CF006AB59C /* Release */,
			);
			defaultConfigurationIsVisible = 0;
			defaultConfigurationName = Release;
		};
		7D969F652B08D6CF006AB59C /* Build configuration list for PBXNativeTarget "toiletTests" */ = {
			isa = XCConfigurationList;
			buildConfigurations = (
				7D969F662B08D6CF006AB59C /* Debug */,
				7D969F672B08D6CF006AB59C /* Release */,
			);
			defaultConfigurationIsVisible = 0;
			defaultConfigurationName = Release;
		};
		7D969F682B08D6CF006AB59C /* Build configuration list for PBXNativeTarget "toiletUITests" */ = {
			isa = XCConfigurationList;
			buildConfigurations = (
				7D969F692B08D6CF006AB59C /* Debug */,
				7D969F6A2B08D6CF006AB59C /* Release */,
			);
			defaultConfigurationIsVisible = 0;
			defaultConfigurationName = Release;
		};
/* End XCConfigurationList section */
	};
	rootObject = 7D969F302B08D6CE006AB59C /* Project object */;
}
